
Microsoft Visual Studio Solution File, Format Version 12.00
# Visual Studio 15
VisualStudioVersion = 15.0.28010.2041
MinimumVisualStudioVersion = 10.0.40219.1
Project("{9A19103F-16F7-4668-BE54-9A1E7A4F7556}") = "SW.Store.Checkout.OrderHandler.Application", "SW.Store.Checkout.OrderHandler.Application\SW.Store.Checkout.OrderHandler.Application.csproj", "{204B27A0-FC19-4554-9EC0-27004B7770E4}"
EndProject
Project("{9A19103F-16F7-4668-BE54-9A1E7A4F7556}") = "SW.Store.Checkout.Infrastructure.RabbitMQ", "SW.Store.Checkout.Infrastructure.RabbitMQ\SW.Store.Checkout.Infrastructure.RabbitMQ.csproj", "{1A4AA15A-F150-488F-80F4-D71239084E51}"
EndProject
Project("{9A19103F-16F7-4668-BE54-9A1E7A4F7556}") = "SW.Store.Core", "SW.Store.Core\SW.Store.Core.csproj", "{7720BA91-B492-4A07-B061-79FCCC6A715E}"
EndProject
Project("{9A19103F-16F7-4668-BE54-9A1E7A4F7556}") = "SW.Store.Checkout.Domain", "SW.Store.Checkout.Domain\SW.Store.Checkout.Domain.csproj", "{AE4B65DB-DFFF-45E2-9469-3EE6FFCC670A}"
EndProject
Project("{9A19103F-16F7-4668-BE54-9A1E7A4F7556}") = "SW.Store.Checkout.Read", "SW.Store.Checkout.Read\SW.Store.Checkout.Read.csproj", "{3769DBC7-9C0E-40D6-8DC4-925C335301A3}"
EndProject
Project("{9A19103F-16F7-4668-BE54-9A1E7A4F7556}") = "SW.Store.Checkout.Infrastructure.EventStore", "SW.Store.Checkout.Infrastructure.EventStore\SW.Store.Checkout.Infrastructure.EventStore.csproj", "{A32DF794-8C0F-41FD-A94C-CCE6DFD78589}"
EndProject
Project("{9A19103F-16F7-4668-BE54-9A1E7A4F7556}") = "SW.Store.Checkout.Infrastructure.ReadStorage", "SW.Store.Checkout.Infrastructure.ReadStorage\SW.Store.Checkout.Infrastructure.ReadStorage.csproj", "{8E8FDC0F-8305-4279-A7FD-F26428E12929}"
EndProject
Global
	GlobalSection(SolutionConfigurationPlatforms) = preSolution
		Debug|Any CPU = Debug|Any CPU
		Release|Any CPU = Release|Any CPU
	EndGlobalSection
	GlobalSection(ProjectConfigurationPlatforms) = postSolution
		{204B27A0-FC19-4554-9EC0-27004B7770E4}.Debug|Any CPU.ActiveCfg = Debug|Any CPU
		{204B27A0-FC19-4554-9EC0-27004B7770E4}.Debug|Any CPU.Build.0 = Debug|Any CPU
		{204B27A0-FC19-4554-9EC0-27004B7770E4}.Release|Any CPU.ActiveCfg = Release|Any CPU
		{204B27A0-FC19-4554-9EC0-27004B7770E4}.Release|Any CPU.Build.0 = Release|Any CPU
		{1A4AA15A-F150-488F-80F4-D71239084E51}.Debug|Any CPU.ActiveCfg = Debug|Any CPU
		{1A4AA15A-F150-488F-80F4-D71239084E51}.Debug|Any CPU.Build.0 = Debug|Any CPU
		{1A4AA15A-F150-488F-80F4-D71239084E51}.Release|Any CPU.ActiveCfg = Release|Any CPU
		{1A4AA15A-F150-488F-80F4-D71239084E51}.Release|Any CPU.Build.0 = Release|Any CPU
		{7720BA91-B492-4A07-B061-79FCCC6A715E}.Debug|Any CPU.ActiveCfg = Debug|Any CPU
		{7720BA91-B492-4A07-B061-79FCCC6A715E}.Debug|Any CPU.Build.0 = Debug|Any CPU
		{7720BA91-B492-4A07-B061-79FCCC6A715E}.Release|Any CPU.ActiveCfg = Release|Any CPU
		{7720BA91-B492-4A07-B061-79FCCC6A715E}.Release|Any CPU.Build.0 = Release|Any CPU
		{AE4B65DB-DFFF-45E2-9469-3EE6FFCC670A}.Debug|Any CPU.ActiveCfg = Debug|Any CPU
		{AE4B65DB-DFFF-45E2-9469-3EE6FFCC670A}.Debug|Any CPU.Build.0 = Debug|Any CPU
		{AE4B65DB-DFFF-45E2-9469-3EE6FFCC670A}.Release|Any CPU.ActiveCfg = Release|Any CPU
		{AE4B65DB-DFFF-45E2-9469-3EE6FFCC670A}.Release|Any CPU.Build.0 = Release|Any CPU
		{3769DBC7-9C0E-40D6-8DC4-925C335301A3}.Debug|Any CPU.ActiveCfg = Debug|Any CPU
		{3769DBC7-9C0E-40D6-8DC4-925C335301A3}.Debug|Any CPU.Build.0 = Debug|Any CPU
		{3769DBC7-9C0E-40D6-8DC4-925C335301A3}.Release|Any CPU.ActiveCfg = Release|Any CPU
		{3769DBC7-9C0E-40D6-8DC4-925C335301A3}.Release|Any CPU.Build.0 = Release|Any CPU
		{A32DF794-8C0F-41FD-A94C-CCE6DFD78589}.Debug|Any CPU.ActiveCfg = Debug|Any CPU
		{A32DF794-8C0F-41FD-A94C-CCE6DFD78589}.Debug|Any CPU.Build.0 = Debug|Any CPU
		{A32DF794-8C0F-41FD-A94C-CCE6DFD78589}.Release|Any CPU.ActiveCfg = Release|Any CPU
		{A32DF794-8C0F-41FD-A94C-CCE6DFD78589}.Release|Any CPU.Build.0 = Release|Any CPU
		{8E8FDC0F-8305-4279-A7FD-F26428E12929}.Debug|Any CPU.ActiveCfg = Debug|Any CPU
		{8E8FDC0F-8305-4279-A7FD-F26428E12929}.Debug|Any CPU.Build.0 = Debug|Any CPU
		{8E8FDC0F-8305-4279-A7FD-F26428E12929}.Release|Any CPU.ActiveCfg = Release|Any CPU
		{8E8FDC0F-8305-4279-A7FD-F26428E12929}.Release|Any CPU.Build.0 = Release|Any CPU
	EndGlobalSection
	GlobalSection(SolutionProperties) = preSolution
		HideSolutionNode = FALSE
	EndGlobalSection
	GlobalSection(ExtensibilityGlobals) = postSolution
		SolutionGuid = {055C681C-38A4-498A-9FB4-FED34B953979}
	EndGlobalSection
EndGlobal
