
Microsoft Visual Studio Solution File, Format Version 12.00
# Visual Studio 15
VisualStudioVersion = 15.0.28010.2041
MinimumVisualStudioVersion = 10.0.40219.1
Project("{9A19103F-16F7-4668-BE54-9A1E7A4F7556}") = "SW.Store.Checkout.OrderHandler.Application", "SW.Store.Checkout.OrderHandler.Application\SW.Store.Checkout.OrderHandler.Application.csproj", "{204B27A0-FC19-4554-9EC0-27004B7770E4}"
EndProject
Project("{9A19103F-16F7-4668-BE54-9A1E7A4F7556}") = "SW.Store.Checkout.Infrastructure.RabbitMQ", "SW.Store.Checkout.Infrastructure.RabbitMQ\SW.Store.Checkout.Infrastructure.RabbitMQ.csproj", "{1A4AA15A-F150-488F-80F4-D71239084E51}"
EndProject
Project("{9A19103F-16F7-4668-BE54-9A1E7A4F7556}") = "SW.Store.Core", "SW.Store.Core\SW.Store.Core.csproj", "{7720BA91-B492-4A07-B061-79FCCC6A715E}"
EndProject
Project("{9A19103F-16F7-4668-BE54-9A1E7A4F7556}") = "SW.Store.Checkout.Extensibility", "SW.Store.Checkout.Extensibility\SW.Store.Checkout.Extensibility.csproj", "{E4073398-F12F-488C-AA21-3FB62939E61C}"
EndProject
Project("{9A19103F-16F7-4668-BE54-9A1E7A4F7556}") = "SW.Store.Checkout.Service", "SW.Store.Checkout.Service\SW.Store.Checkout.Service.csproj", "{00D71C80-AC58-450C-B984-F52D1AD99CB6}"
EndProject
Project("{9A19103F-16F7-4668-BE54-9A1E7A4F7556}") = "SW.Store.Checkout.Domain", "SW.Store.Checkout.Domain\SW.Store.Checkout.Domain.csproj", "{AE4B65DB-DFFF-45E2-9469-3EE6FFCC670A}"
EndProject
Project("{9A19103F-16F7-4668-BE54-9A1E7A4F7556}") = "SW.Store.Checkout.Infrastructure.SQL", "SW.Store.Checkout.Infrastructure.SQL\SW.Store.Checkout.Infrastructure.SQL.csproj", "{B2409603-EC28-4599-A7BE-DF6E8A0BD5B9}"
EndProject
Project("{9A19103F-16F7-4668-BE54-9A1E7A4F7556}") = "SW.Store.Checkout.Read", "SW.Store.Checkout.Read\SW.Store.Checkout.Read.csproj", "{3769DBC7-9C0E-40D6-8DC4-925C335301A3}"
EndProject
Global
	GlobalSection(SolutionConfigurationPlatforms) = preSolution
		Debug|Any CPU = Debug|Any CPU
		Release|Any CPU = Release|Any CPU
	EndGlobalSection
	GlobalSection(ProjectConfigurationPlatforms) = postSolution
		{204B27A0-FC19-4554-9EC0-27004B7770E4}.Debug|Any CPU.ActiveCfg = Debug|Any CPU
		{204B27A0-FC19-4554-9EC0-27004B7770E4}.Debug|Any CPU.Build.0 = Debug|Any CPU
		{204B27A0-FC19-4554-9EC0-27004B7770E4}.Release|Any CPU.ActiveCfg = Release|Any CPU
		{204B27A0-FC19-4554-9EC0-27004B7770E4}.Release|Any CPU.Build.0 = Release|Any CPU
		{1A4AA15A-F150-488F-80F4-D71239084E51}.Debug|Any CPU.ActiveCfg = Debug|Any CPU
		{1A4AA15A-F150-488F-80F4-D71239084E51}.Debug|Any CPU.Build.0 = Debug|Any CPU
		{1A4AA15A-F150-488F-80F4-D71239084E51}.Release|Any CPU.ActiveCfg = Release|Any CPU
		{1A4AA15A-F150-488F-80F4-D71239084E51}.Release|Any CPU.Build.0 = Release|Any CPU
		{7720BA91-B492-4A07-B061-79FCCC6A715E}.Debug|Any CPU.ActiveCfg = Debug|Any CPU
		{7720BA91-B492-4A07-B061-79FCCC6A715E}.Debug|Any CPU.Build.0 = Debug|Any CPU
		{7720BA91-B492-4A07-B061-79FCCC6A715E}.Release|Any CPU.ActiveCfg = Release|Any CPU
		{7720BA91-B492-4A07-B061-79FCCC6A715E}.Release|Any CPU.Build.0 = Release|Any CPU
		{E4073398-F12F-488C-AA21-3FB62939E61C}.Debug|Any CPU.ActiveCfg = Debug|Any CPU
		{E4073398-F12F-488C-AA21-3FB62939E61C}.Debug|Any CPU.Build.0 = Debug|Any CPU
		{E4073398-F12F-488C-AA21-3FB62939E61C}.Release|Any CPU.ActiveCfg = Release|Any CPU
		{E4073398-F12F-488C-AA21-3FB62939E61C}.Release|Any CPU.Build.0 = Release|Any CPU
		{00D71C80-AC58-450C-B984-F52D1AD99CB6}.Debug|Any CPU.ActiveCfg = Debug|Any CPU
		{00D71C80-AC58-450C-B984-F52D1AD99CB6}.Debug|Any CPU.Build.0 = Debug|Any CPU
		{00D71C80-AC58-450C-B984-F52D1AD99CB6}.Release|Any CPU.ActiveCfg = Release|Any CPU
		{00D71C80-AC58-450C-B984-F52D1AD99CB6}.Release|Any CPU.Build.0 = Release|Any CPU
		{AE4B65DB-DFFF-45E2-9469-3EE6FFCC670A}.Debug|Any CPU.ActiveCfg = Debug|Any CPU
		{AE4B65DB-DFFF-45E2-9469-3EE6FFCC670A}.Debug|Any CPU.Build.0 = Debug|Any CPU
		{AE4B65DB-DFFF-45E2-9469-3EE6FFCC670A}.Release|Any CPU.ActiveCfg = Release|Any CPU
		{AE4B65DB-DFFF-45E2-9469-3EE6FFCC670A}.Release|Any CPU.Build.0 = Release|Any CPU
		{B2409603-EC28-4599-A7BE-DF6E8A0BD5B9}.Debug|Any CPU.ActiveCfg = Debug|Any CPU
		{B2409603-EC28-4599-A7BE-DF6E8A0BD5B9}.Debug|Any CPU.Build.0 = Debug|Any CPU
		{B2409603-EC28-4599-A7BE-DF6E8A0BD5B9}.Release|Any CPU.ActiveCfg = Release|Any CPU
		{B2409603-EC28-4599-A7BE-DF6E8A0BD5B9}.Release|Any CPU.Build.0 = Release|Any CPU
		{3769DBC7-9C0E-40D6-8DC4-925C335301A3}.Debug|Any CPU.ActiveCfg = Debug|Any CPU
		{3769DBC7-9C0E-40D6-8DC4-925C335301A3}.Debug|Any CPU.Build.0 = Debug|Any CPU
		{3769DBC7-9C0E-40D6-8DC4-925C335301A3}.Release|Any CPU.ActiveCfg = Release|Any CPU
		{3769DBC7-9C0E-40D6-8DC4-925C335301A3}.Release|Any CPU.Build.0 = Release|Any CPU
	EndGlobalSection
	GlobalSection(SolutionProperties) = preSolution
		HideSolutionNode = FALSE
	EndGlobalSection
	GlobalSection(ExtensibilityGlobals) = postSolution
		SolutionGuid = {055C681C-38A4-498A-9FB4-FED34B953979}
	EndGlobalSection
EndGlobal
