
Microsoft Visual Studio Solution File, Format Version 12.00
# Visual Studio 15
VisualStudioVersion = 15.0.28010.2041
MinimumVisualStudioVersion = 10.0.40219.1
Project("{9A19103F-16F7-4668-BE54-9A1E7A4F7556}") = "SW.Checkout.StorageReplication", "SW.Checkout.StorageReplication\SW.Checkout.StorageReplication.csproj", "{066D35EE-8C0C-40A1-80A2-90F8C4587F3A}"
EndProject
Project("{9A19103F-16F7-4668-BE54-9A1E7A4F7556}") = "SW.Checkout.Domain", "SW.Checkout.Domain\SW.Checkout.Domain.csproj", "{E9BC6590-1D2B-40E6-BFD5-7C75D36268D6}"
EndProject
Project("{9A19103F-16F7-4668-BE54-9A1E7A4F7556}") = "SW.Checkout.Infrastructure.ReadStorage", "SW.Checkout.Infrastructure.ReadStorage\SW.Checkout.Infrastructure.ReadStorage.csproj", "{B03824B4-553A-41C6-8A7A-DE04A8530585}"
EndProject
Project("{9A19103F-16F7-4668-BE54-9A1E7A4F7556}") = "SW.Checkout.Infrastructure.RabbitMQ", "SW.Checkout.Infrastructure.RabbitMQ\SW.Checkout.Infrastructure.RabbitMQ.csproj", "{B465AD39-B875-4D60-9596-937860D1C041}"
EndProject
Project("{9A19103F-16F7-4668-BE54-9A1E7A4F7556}") = "SW.Checkout.Core", "SW.Checkout.Core\SW.Checkout.Core.csproj", "{94EF732B-2D10-454C-8025-9FB39B1FB760}"
EndProject
Project("{9A19103F-16F7-4668-BE54-9A1E7A4F7556}") = "SW.Checkout.Read", "SW.Checkout.Read\SW.Checkout.Read.csproj", "{7D60D0D2-1191-4AED-9525-A0A982930305}"
EndProject
Project("{9A19103F-16F7-4668-BE54-9A1E7A4F7556}") = "SW.Checkout.Infrastructure.EventStore", "SW.Checkout.Infrastructure.EventStore\SW.Checkout.Infrastructure.EventStore.csproj", "{1E34BB1A-09CA-4AA0-B936-4401588810C4}"
EndProject
Global
	GlobalSection(SolutionConfigurationPlatforms) = preSolution
		Debug|Any CPU = Debug|Any CPU
		Release|Any CPU = Release|Any CPU
	EndGlobalSection
	GlobalSection(ProjectConfigurationPlatforms) = postSolution
		{066D35EE-8C0C-40A1-80A2-90F8C4587F3A}.Debug|Any CPU.ActiveCfg = Debug|Any CPU
		{066D35EE-8C0C-40A1-80A2-90F8C4587F3A}.Debug|Any CPU.Build.0 = Debug|Any CPU
		{066D35EE-8C0C-40A1-80A2-90F8C4587F3A}.Release|Any CPU.ActiveCfg = Release|Any CPU
		{066D35EE-8C0C-40A1-80A2-90F8C4587F3A}.Release|Any CPU.Build.0 = Release|Any CPU
		{E9BC6590-1D2B-40E6-BFD5-7C75D36268D6}.Debug|Any CPU.ActiveCfg = Debug|Any CPU
		{E9BC6590-1D2B-40E6-BFD5-7C75D36268D6}.Debug|Any CPU.Build.0 = Debug|Any CPU
		{E9BC6590-1D2B-40E6-BFD5-7C75D36268D6}.Release|Any CPU.ActiveCfg = Release|Any CPU
		{E9BC6590-1D2B-40E6-BFD5-7C75D36268D6}.Release|Any CPU.Build.0 = Release|Any CPU
		{B03824B4-553A-41C6-8A7A-DE04A8530585}.Debug|Any CPU.ActiveCfg = Debug|Any CPU
		{B03824B4-553A-41C6-8A7A-DE04A8530585}.Debug|Any CPU.Build.0 = Debug|Any CPU
		{B03824B4-553A-41C6-8A7A-DE04A8530585}.Release|Any CPU.ActiveCfg = Release|Any CPU
		{B03824B4-553A-41C6-8A7A-DE04A8530585}.Release|Any CPU.Build.0 = Release|Any CPU
		{B465AD39-B875-4D60-9596-937860D1C041}.Debug|Any CPU.ActiveCfg = Debug|Any CPU
		{B465AD39-B875-4D60-9596-937860D1C041}.Debug|Any CPU.Build.0 = Debug|Any CPU
		{B465AD39-B875-4D60-9596-937860D1C041}.Release|Any CPU.ActiveCfg = Release|Any CPU
		{B465AD39-B875-4D60-9596-937860D1C041}.Release|Any CPU.Build.0 = Release|Any CPU
		{94EF732B-2D10-454C-8025-9FB39B1FB760}.Debug|Any CPU.ActiveCfg = Debug|Any CPU
		{94EF732B-2D10-454C-8025-9FB39B1FB760}.Debug|Any CPU.Build.0 = Debug|Any CPU
		{94EF732B-2D10-454C-8025-9FB39B1FB760}.Release|Any CPU.ActiveCfg = Release|Any CPU
		{94EF732B-2D10-454C-8025-9FB39B1FB760}.Release|Any CPU.Build.0 = Release|Any CPU
		{7D60D0D2-1191-4AED-9525-A0A982930305}.Debug|Any CPU.ActiveCfg = Debug|Any CPU
		{7D60D0D2-1191-4AED-9525-A0A982930305}.Debug|Any CPU.Build.0 = Debug|Any CPU
		{7D60D0D2-1191-4AED-9525-A0A982930305}.Release|Any CPU.ActiveCfg = Release|Any CPU
		{7D60D0D2-1191-4AED-9525-A0A982930305}.Release|Any CPU.Build.0 = Release|Any CPU
		{1E34BB1A-09CA-4AA0-B936-4401588810C4}.Debug|Any CPU.ActiveCfg = Debug|Any CPU
		{1E34BB1A-09CA-4AA0-B936-4401588810C4}.Debug|Any CPU.Build.0 = Debug|Any CPU
		{1E34BB1A-09CA-4AA0-B936-4401588810C4}.Release|Any CPU.ActiveCfg = Release|Any CPU
		{1E34BB1A-09CA-4AA0-B936-4401588810C4}.Release|Any CPU.Build.0 = Release|Any CPU
	EndGlobalSection
	GlobalSection(SolutionProperties) = preSolution
		HideSolutionNode = FALSE
	EndGlobalSection
	GlobalSection(ExtensibilityGlobals) = postSolution
		SolutionGuid = {B1C332B2-0287-4185-BA1C-225ABFA48355}
	EndGlobalSection
EndGlobal
