
Microsoft Visual Studio Solution File, Format Version 12.00
# Visual Studio 15
VisualStudioVersion = 15.0.28010.2019
MinimumVisualStudioVersion = 10.0.40219.1
Project("{9A19103F-16F7-4668-BE54-9A1E7A4F7556}") = "SW.Store.Checkout.Domain", "SW.Store.Checkout.Domain\SW.Store.Checkout.Domain.csproj", "{3A9589F2-C0DD-48ED-943D-D1309026A205}"
EndProject
Project("{2150E333-8FDC-42A3-9474-1A3956D46DE8}") = "Solution Items", "Solution Items", "{2854D622-22C2-4A29-9596-CEDA1A4A61C3}"
	ProjectSection(SolutionItems) = preProject
		.editorconfig = .editorconfig
		RabbitMQ.md = RabbitMQ.md
		README.md = README.md
	EndProjectSection
EndProject
Project("{9A19103F-16F7-4668-BE54-9A1E7A4F7556}") = "SW.Store.Checkout.WebApi", "SW.Store.Checkout.WebApi\SW.Store.Checkout.WebApi.csproj", "{3251BBEF-0309-4D14-9A62-81C760A8FBDB}"
EndProject
Project("{9A19103F-16F7-4668-BE54-9A1E7A4F7556}") = "SW.Store.Checkout.Extensibility", "SW.Store.Checkout.Extensibility\SW.Store.Checkout.Extensibility.csproj", "{8D204F95-49DF-403D-9F90-CB7CE0366D07}"
EndProject
Project("{9A19103F-16F7-4668-BE54-9A1E7A4F7556}") = "SW.Store.Checkout.Infrastructure.RabbitMQ", "SW.Store.Checkout.Infrastructure.RabbitMQ\SW.Store.Checkout.Infrastructure.RabbitMQ.csproj", "{DDBBD873-3DCC-42FB-A92D-8D4E311F0CFE}"
EndProject
Project("{9A19103F-16F7-4668-BE54-9A1E7A4F7556}") = "SW.Store.Core", "SW.Store.Core\SW.Store.Core.csproj", "{2ED101CD-E3A5-4AA3-BA9E-3FA31859F73C}"
EndProject
Project("{9A19103F-16F7-4668-BE54-9A1E7A4F7556}") = "SW.Store.Checkout.Read", "SW.Store.Checkout.Read\SW.Store.Checkout.Read.csproj", "{BD47C190-F699-4847-8C65-9A1C7CD274E4}"
EndProject
Project("{2150E333-8FDC-42A3-9474-1A3956D46DE8}") = "Infrastructure", "Infrastructure", "{BFEF8344-D5F1-4A32-ABCA-5E73645FE48F}"
EndProject
Project("{2150E333-8FDC-42A3-9474-1A3956D46DE8}") = "Domain", "Domain", "{D432DA46-844D-46BD-BABF-AAD63BB33173}"
EndProject
Project("{9A19103F-16F7-4668-BE54-9A1E7A4F7556}") = "SW.Store.Checkout.Infrastructure.EventStore", "SW.Store.Checkout.Infrastructure.EventStore\SW.Store.Checkout.Infrastructure.EventStore.csproj", "{1A249545-006D-41AD-B067-A87FF119CFCD}"
EndProject
Project("{FAE04EC0-301F-11D3-BF4B-00C04F79EFBC}") = "SW.Store.Checkout.Infrastructure.ReadStorage", "SW.Store.Checkout.Infrastructure.ReadStorage\SW.Store.Checkout.Infrastructure.ReadStorage.csproj", "{CCBBDECF-4D02-4AAE-A1B4-C1A6D236FFFC}"
EndProject
Global
	GlobalSection(SolutionConfigurationPlatforms) = preSolution
		Debug|Any CPU = Debug|Any CPU
		Release|Any CPU = Release|Any CPU
	EndGlobalSection
	GlobalSection(ProjectConfigurationPlatforms) = postSolution
		{3A9589F2-C0DD-48ED-943D-D1309026A205}.Debug|Any CPU.ActiveCfg = Debug|Any CPU
		{3A9589F2-C0DD-48ED-943D-D1309026A205}.Debug|Any CPU.Build.0 = Debug|Any CPU
		{3A9589F2-C0DD-48ED-943D-D1309026A205}.Release|Any CPU.ActiveCfg = Release|Any CPU
		{3A9589F2-C0DD-48ED-943D-D1309026A205}.Release|Any CPU.Build.0 = Release|Any CPU
		{3251BBEF-0309-4D14-9A62-81C760A8FBDB}.Debug|Any CPU.ActiveCfg = Debug|Any CPU
		{3251BBEF-0309-4D14-9A62-81C760A8FBDB}.Debug|Any CPU.Build.0 = Debug|Any CPU
		{3251BBEF-0309-4D14-9A62-81C760A8FBDB}.Release|Any CPU.ActiveCfg = Release|Any CPU
		{3251BBEF-0309-4D14-9A62-81C760A8FBDB}.Release|Any CPU.Build.0 = Release|Any CPU
		{8D204F95-49DF-403D-9F90-CB7CE0366D07}.Debug|Any CPU.ActiveCfg = Debug|Any CPU
		{8D204F95-49DF-403D-9F90-CB7CE0366D07}.Debug|Any CPU.Build.0 = Debug|Any CPU
		{8D204F95-49DF-403D-9F90-CB7CE0366D07}.Release|Any CPU.ActiveCfg = Release|Any CPU
		{8D204F95-49DF-403D-9F90-CB7CE0366D07}.Release|Any CPU.Build.0 = Release|Any CPU
		{DDBBD873-3DCC-42FB-A92D-8D4E311F0CFE}.Debug|Any CPU.ActiveCfg = Debug|Any CPU
		{DDBBD873-3DCC-42FB-A92D-8D4E311F0CFE}.Debug|Any CPU.Build.0 = Debug|Any CPU
		{DDBBD873-3DCC-42FB-A92D-8D4E311F0CFE}.Release|Any CPU.ActiveCfg = Release|Any CPU
		{DDBBD873-3DCC-42FB-A92D-8D4E311F0CFE}.Release|Any CPU.Build.0 = Release|Any CPU
		{2ED101CD-E3A5-4AA3-BA9E-3FA31859F73C}.Debug|Any CPU.ActiveCfg = Debug|Any CPU
		{2ED101CD-E3A5-4AA3-BA9E-3FA31859F73C}.Debug|Any CPU.Build.0 = Debug|Any CPU
		{2ED101CD-E3A5-4AA3-BA9E-3FA31859F73C}.Release|Any CPU.ActiveCfg = Release|Any CPU
		{2ED101CD-E3A5-4AA3-BA9E-3FA31859F73C}.Release|Any CPU.Build.0 = Release|Any CPU
		{BD47C190-F699-4847-8C65-9A1C7CD274E4}.Debug|Any CPU.ActiveCfg = Debug|Any CPU
		{BD47C190-F699-4847-8C65-9A1C7CD274E4}.Debug|Any CPU.Build.0 = Debug|Any CPU
		{BD47C190-F699-4847-8C65-9A1C7CD274E4}.Release|Any CPU.ActiveCfg = Release|Any CPU
		{BD47C190-F699-4847-8C65-9A1C7CD274E4}.Release|Any CPU.Build.0 = Release|Any CPU
		{1A249545-006D-41AD-B067-A87FF119CFCD}.Debug|Any CPU.ActiveCfg = Debug|Any CPU
		{1A249545-006D-41AD-B067-A87FF119CFCD}.Debug|Any CPU.Build.0 = Debug|Any CPU
		{1A249545-006D-41AD-B067-A87FF119CFCD}.Release|Any CPU.ActiveCfg = Release|Any CPU
		{1A249545-006D-41AD-B067-A87FF119CFCD}.Release|Any CPU.Build.0 = Release|Any CPU
		{CCBBDECF-4D02-4AAE-A1B4-C1A6D236FFFC}.Debug|Any CPU.ActiveCfg = Debug|Any CPU
		{CCBBDECF-4D02-4AAE-A1B4-C1A6D236FFFC}.Debug|Any CPU.Build.0 = Debug|Any CPU
		{CCBBDECF-4D02-4AAE-A1B4-C1A6D236FFFC}.Release|Any CPU.ActiveCfg = Release|Any CPU
		{CCBBDECF-4D02-4AAE-A1B4-C1A6D236FFFC}.Release|Any CPU.Build.0 = Release|Any CPU
	EndGlobalSection
	GlobalSection(SolutionProperties) = preSolution
		HideSolutionNode = FALSE
	EndGlobalSection
	GlobalSection(NestedProjects) = preSolution
		{3A9589F2-C0DD-48ED-943D-D1309026A205} = {D432DA46-844D-46BD-BABF-AAD63BB33173}
		{DDBBD873-3DCC-42FB-A92D-8D4E311F0CFE} = {BFEF8344-D5F1-4A32-ABCA-5E73645FE48F}
		{1A249545-006D-41AD-B067-A87FF119CFCD} = {BFEF8344-D5F1-4A32-ABCA-5E73645FE48F}
		{CCBBDECF-4D02-4AAE-A1B4-C1A6D236FFFC} = {BFEF8344-D5F1-4A32-ABCA-5E73645FE48F}
	EndGlobalSection
	GlobalSection(ExtensibilityGlobals) = postSolution
		SolutionGuid = {30D4E273-7B68-471A-8398-E58EE2141A30}
	EndGlobalSection
EndGlobal
