
Microsoft Visual Studio Solution File, Format Version 12.00
# Visual Studio 15
VisualStudioVersion = 15.0.27703.2042
MinimumVisualStudioVersion = 10.0.40219.1
Project("{9A19103F-16F7-4668-BE54-9A1E7A4F7556}") = "SW.Store.Checkout.Client", "SW.Store.Checkout.Client\SW.Store.Checkout.Client.csproj", "{55375522-76CB-49FB-B00B-91FD1B3B376F}"
EndProject
Project("{9A19103F-16F7-4668-BE54-9A1E7A4F7556}") = "SW.Store.Checkout.Extensibility", "SW.Store.Checkout.Extensibility\SW.Store.Checkout.Extensibility.csproj", "{EA82BBA9-513A-4A78-9ACB-E16E896B6ED7}"
EndProject
Global
	GlobalSection(SolutionConfigurationPlatforms) = preSolution
		Debug|Any CPU = Debug|Any CPU
		Release|Any CPU = Release|Any CPU
	EndGlobalSection
	GlobalSection(ProjectConfigurationPlatforms) = postSolution
		{55375522-76CB-49FB-B00B-91FD1B3B376F}.Debug|Any CPU.ActiveCfg = Debug|Any CPU
		{55375522-76CB-49FB-B00B-91FD1B3B376F}.Debug|Any CPU.Build.0 = Debug|Any CPU
		{55375522-76CB-49FB-B00B-91FD1B3B376F}.Release|Any CPU.ActiveCfg = Release|Any CPU
		{55375522-76CB-49FB-B00B-91FD1B3B376F}.Release|Any CPU.Build.0 = Release|Any CPU
		{EA82BBA9-513A-4A78-9ACB-E16E896B6ED7}.Debug|Any CPU.ActiveCfg = Debug|Any CPU
		{EA82BBA9-513A-4A78-9ACB-E16E896B6ED7}.Debug|Any CPU.Build.0 = Debug|Any CPU
		{EA82BBA9-513A-4A78-9ACB-E16E896B6ED7}.Release|Any CPU.ActiveCfg = Release|Any CPU
		{EA82BBA9-513A-4A78-9ACB-E16E896B6ED7}.Release|Any CPU.Build.0 = Release|Any CPU
	EndGlobalSection
	GlobalSection(SolutionProperties) = preSolution
		HideSolutionNode = FALSE
	EndGlobalSection
	GlobalSection(ExtensibilityGlobals) = postSolution
		SolutionGuid = {F61B3D2C-5ECD-4309-8C49-86EB38D7E080}
	EndGlobalSection
EndGlobal
